
Microsoft Visual Studio Solution File, Format Version 12.00
# Visual Studio Version 17
VisualStudioVersion = 17.6.33801.468
MinimumVisualStudioVersion = 10.0.40219.1
Project("{9A19103F-16F7-4668-BE54-9A1E7A4F7556}") = "PageGuard", "PageGuard.csproj", "{E26813B5-DD90-4230-B614-193A9E60F720}"
EndProject
Project("{9A19103F-16F7-4668-BE54-9A1E7A4F7556}") = "PageGuard.Site", "..\PageGuard.Site\PageGuard.Site.csproj", "{2C3AB495-0B61-4574-B564-188E3D752D02}"
	ProjectSection(ProjectDependencies) = postProject
		{E26813B5-DD90-4230-B614-193A9E60F720} = {E26813B5-DD90-4230-B614-193A9E60F720}
	EndProjectSection
EndProject
Project("{FAE04EC0-301F-11D3-BF4B-00C04F79EFBC}") = "PageGuard.NugetTest", "..\PageGuard.NugetTest\PageGuard.NugetTest.csproj", "{4EC9185F-4DC8-40D2-A2F0-00F8A97E46B0}"
EndProject
Global
	GlobalSection(SolutionConfigurationPlatforms) = preSolution
		Debug|Any CPU = Debug|Any CPU
		Release|Any CPU = Release|Any CPU
	EndGlobalSection
	GlobalSection(ProjectConfigurationPlatforms) = postSolution
		{E26813B5-DD90-4230-B614-193A9E60F720}.Debug|Any CPU.ActiveCfg = Debug|Any CPU
		{E26813B5-DD90-4230-B614-193A9E60F720}.Debug|Any CPU.Build.0 = Debug|Any CPU
		{E26813B5-DD90-4230-B614-193A9E60F720}.Release|Any CPU.ActiveCfg = Release|Any CPU
		{E26813B5-DD90-4230-B614-193A9E60F720}.Release|Any CPU.Build.0 = Release|Any CPU
		{2C3AB495-0B61-4574-B564-188E3D752D02}.Debug|Any CPU.ActiveCfg = Debug|Any CPU
		{2C3AB495-0B61-4574-B564-188E3D752D02}.Debug|Any CPU.Build.0 = Debug|Any CPU
		{2C3AB495-0B61-4574-B564-188E3D752D02}.Release|Any CPU.ActiveCfg = Release|Any CPU
		{2C3AB495-0B61-4574-B564-188E3D752D02}.Release|Any CPU.Build.0 = Release|Any CPU
		{4EC9185F-4DC8-40D2-A2F0-00F8A97E46B0}.Debug|Any CPU.ActiveCfg = Debug|Any CPU
		{4EC9185F-4DC8-40D2-A2F0-00F8A97E46B0}.Debug|Any CPU.Build.0 = Debug|Any CPU
		{4EC9185F-4DC8-40D2-A2F0-00F8A97E46B0}.Release|Any CPU.ActiveCfg = Release|Any CPU
		{4EC9185F-4DC8-40D2-A2F0-00F8A97E46B0}.Release|Any CPU.Build.0 = Release|Any CPU
	EndGlobalSection
	GlobalSection(SolutionProperties) = preSolution
		HideSolutionNode = FALSE
	EndGlobalSection
	GlobalSection(ExtensibilityGlobals) = postSolution
		SolutionGuid = {1F3BB19B-8BBE-4EE9-AEB2-80255F80F7F9}
	EndGlobalSection
EndGlobal
